
Microsoft Visual Studio Solution File, Format Version 12.00
# Visual Studio Version 17
VisualStudioVersion = 17.11.35327.3
MinimumVisualStudioVersion = 10.0.40219.1
Project("{9A19103F-16F7-4668-BE54-9A1E7A4F7556}") = "UndirectedGraphConnectivityAnalyzer", "UndirectedGraphConnectivityAnalyzer\UndirectedGraphConnectivityAnalyzer.csproj", "{307CB8A9-1555-4B52-9386-115F6651BD54}"
EndProject
Project("{9A19103F-16F7-4668-BE54-9A1E7A4F7556}") = "UndirectedGraphConnectivityAnalyzer.Desktop", "UndirectedGraphConnectivityAnalyzer.Desktop\UndirectedGraphConnectivityAnalyzer.Desktop.csproj", "{BB7C7859-8122-4CEF-8FD9-2DCCB77A2FA2}"
EndProject
Global
	GlobalSection(SolutionConfigurationPlatforms) = preSolution
		Debug|Any CPU = Debug|Any CPU
		Release|Any CPU = Release|Any CPU
	EndGlobalSection
	GlobalSection(ProjectConfigurationPlatforms) = postSolution
		{307CB8A9-1555-4B52-9386-115F6651BD54}.Debug|Any CPU.ActiveCfg = Debug|Any CPU
		{307CB8A9-1555-4B52-9386-115F6651BD54}.Debug|Any CPU.Build.0 = Debug|Any CPU
		{307CB8A9-1555-4B52-9386-115F6651BD54}.Release|Any CPU.ActiveCfg = Release|Any CPU
		{307CB8A9-1555-4B52-9386-115F6651BD54}.Release|Any CPU.Build.0 = Release|Any CPU
		{BB7C7859-8122-4CEF-8FD9-2DCCB77A2FA2}.Debug|Any CPU.ActiveCfg = Debug|Any CPU
		{BB7C7859-8122-4CEF-8FD9-2DCCB77A2FA2}.Debug|Any CPU.Build.0 = Debug|Any CPU
		{BB7C7859-8122-4CEF-8FD9-2DCCB77A2FA2}.Release|Any CPU.ActiveCfg = Release|Any CPU
		{BB7C7859-8122-4CEF-8FD9-2DCCB77A2FA2}.Release|Any CPU.Build.0 = Release|Any CPU
	EndGlobalSection
	GlobalSection(SolutionProperties) = preSolution
		HideSolutionNode = FALSE
	EndGlobalSection
	GlobalSection(ExtensibilityGlobals) = postSolution
		SolutionGuid = {D6560FFB-1D30-47AD-A42A-8E2BBB76F37C}
	EndGlobalSection
EndGlobal
